<?xml version="1.0" encoding="UTF-8" standalone="yes" ?>
<CodeBlocks_project_file>
	<FileVersion major="1" minor="6" />
	<Project>
		<Option title="Agenda_Listas" />
		<Option pch_mode="2" />
		<Option compiler="gcc" />
		<Build>
			<Target title="Debug">
				<Option output="bin/Debug/Agenda_Listas" prefix_auto="1" extension_auto="1" />
				<Option object_output="obj/Debug/" />
				<Option type="1" />
				<Option compiler="gcc" />
				<Compiler>
					<Add option="-g" />
<<<<<<< HEAD
=======
					<Add directory="C:/Users/USER/OneDrive/Documentos/UDG/Estructuras25A/C++/Agenda_Listas/include" />
>>>>>>> 4ae9422e5b9fc5a6244f280419c63b9eed6310f1
					<Add directory="include" />
				</Compiler>
			</Target>
			<Target title="Release">
				<Option output="bin/Release/Agenda_Listas" prefix_auto="1" extension_auto="1" />
				<Option object_output="obj/Release/" />
				<Option type="1" />
				<Option compiler="gcc" />
				<Compiler>
					<Add option="-O2" />
<<<<<<< HEAD
=======
					<Add directory="C:/Users/USER/OneDrive/Documentos/UDG/Estructuras25A/C++/Agenda_Listas/include" />
>>>>>>> 4ae9422e5b9fc5a6244f280419c63b9eed6310f1
					<Add directory="include" />
				</Compiler>
				<Linker>
					<Add option="-s" />
				</Linker>
			</Target>
		</Build>
		<Compiler>
			<Add option="-Wall" />
			<Add option="-fexceptions" />
		</Compiler>
		<Unit filename="include/Lista.h" />
		<Unit filename="include/NodoLista.h" />
		<Unit filename="include/Persona.h" />
		<Unit filename="main.cpp" />
		<Unit filename="src/Persona.cpp" />
		<Extensions>
			<lib_finder disable_auto="1" />
		</Extensions>
	</Project>
</CodeBlocks_project_file>
